
Microsoft Visual Studio Solution File, Format Version 12.00
# Visual Studio Version 17
VisualStudioVersion = 17.1.32421.90
MinimumVisualStudioVersion = 10.0.40219.1
Project("{FAE04EC0-301F-11D3-BF4B-00C04F79EFBC}") = "Battleships_TDD", "Battleships_TDD\Battleships_TDD.csproj", "{A9A06C48-5DDD-4AAC-9676-1F62CEFF8FBD}"
EndProject
Project("{FAE04EC0-301F-11D3-BF4B-00C04F79EFBC}") = "Battleships_TDD_Tests", "Battleships_TDD_Tests\Battleships_TDD_Tests.csproj", "{2EEA3355-7160-4429-9DD9-B89C530D40DE}"
EndProject
Global
	GlobalSection(SolutionConfigurationPlatforms) = preSolution
		Debug|Any CPU = Debug|Any CPU
		Release|Any CPU = Release|Any CPU
	EndGlobalSection
	GlobalSection(ProjectConfigurationPlatforms) = postSolution
		{A9A06C48-5DDD-4AAC-9676-1F62CEFF8FBD}.Debug|Any CPU.ActiveCfg = Debug|Any CPU
		{A9A06C48-5DDD-4AAC-9676-1F62CEFF8FBD}.Debug|Any CPU.Build.0 = Debug|Any CPU
		{A9A06C48-5DDD-4AAC-9676-1F62CEFF8FBD}.Release|Any CPU.ActiveCfg = Release|Any CPU
		{A9A06C48-5DDD-4AAC-9676-1F62CEFF8FBD}.Release|Any CPU.Build.0 = Release|Any CPU
		{2EEA3355-7160-4429-9DD9-B89C530D40DE}.Debug|Any CPU.ActiveCfg = Debug|Any CPU
		{2EEA3355-7160-4429-9DD9-B89C530D40DE}.Debug|Any CPU.Build.0 = Debug|Any CPU
		{2EEA3355-7160-4429-9DD9-B89C530D40DE}.Release|Any CPU.ActiveCfg = Release|Any CPU
		{2EEA3355-7160-4429-9DD9-B89C530D40DE}.Release|Any CPU.Build.0 = Release|Any CPU
	EndGlobalSection
	GlobalSection(SolutionProperties) = preSolution
		HideSolutionNode = FALSE
	EndGlobalSection
	GlobalSection(ExtensibilityGlobals) = postSolution
		SolutionGuid = {9CB488C1-D82D-4BC9-8CE3-5450AE77961D}
	EndGlobalSection
EndGlobal
